
Microsoft Visual Studio Solution File, Format Version 12.00
# Visual Studio Version 16
VisualStudioVersion = 16.0.31112.23
MinimumVisualStudioVersion = 10.0.40219.1
Project("{9A19103F-16F7-4668-BE54-9A1E7A4F7556}") = "Catalog.API", "Catalog\Catalog.API\Catalog.API.csproj", "{68B4BF51-7A70-406F-A6F5-E9545FEAE2F1}"
EndProject
Project("{2150E333-8FDC-42A3-9474-1A3956D46DE8}") = "Catalog", "Catalog", "{075055E6-CD82-4D62-B655-9A4C5D20F7EB}"
EndProject
Project("{9A19103F-16F7-4668-BE54-9A1E7A4F7556}") = "Catalog.Domain", "Catalog\Catalog.Domain\Catalog.Domain.csproj", "{A8D4D8D4-D3DD-4381-9EAF-B14170DE70C6}"
EndProject
Project("{2150E333-8FDC-42A3-9474-1A3956D46DE8}") = "Shared", "Shared", "{E3DE3BA3-9F76-463D-81AC-406B829D96CA}"
EndProject
Project("{9A19103F-16F7-4668-BE54-9A1E7A4F7556}") = "Shared", "Shared\Shared\Shared.csproj", "{FBD5EDBE-D514-402A-9791-0D2FB502D661}"
EndProject
Project("{9A19103F-16F7-4668-BE54-9A1E7A4F7556}") = "Catalog.Infra", "Catalog\Catalog.Infra\Catalog.Infra.csproj", "{A77CD175-F800-4C39-A9E5-BBB1135090AA}"
EndProject
Project("{9A19103F-16F7-4668-BE54-9A1E7A4F7556}") = "Catalog.Application", "Catalog\Catalog.Application\Catalog.Application.csproj", "{7DF15A6F-831E-4E99-A8A2-0A0F4C60410F}"
EndProject
Project("{E53339B2-1760-4266-BCC7-CA923CBCF16C}") = "docker-compose", "docker-compose.dcproj", "{6E179649-EAE6-493D-A11E-7DCC9B41AD72}"
EndProject
Project("{2150E333-8FDC-42A3-9474-1A3956D46DE8}") = "Basket", "Basket", "{9315B83A-6E1A-4194-8392-60E68DC0D4FA}"
EndProject
Project("{9A19103F-16F7-4668-BE54-9A1E7A4F7556}") = "Basket.API", "Basket\Basket.API\Basket.API.csproj", "{3D17BC9C-7A4C-4B84-B4D6-DC7A7E90A06A}"
EndProject
Project("{9A19103F-16F7-4668-BE54-9A1E7A4F7556}") = "Basket.Application", "Basket\Basket.Application\Basket.Application.csproj", "{AE967D47-9ED2-4BDF-AC7B-404AB8B54F6A}"
EndProject
Project("{9A19103F-16F7-4668-BE54-9A1E7A4F7556}") = "Basket.Domain", "Basket\Basket.Domain\Basket.Domain.csproj", "{549D6B67-5B56-4D51-84DF-16C017982217}"
EndProject
Project("{9A19103F-16F7-4668-BE54-9A1E7A4F7556}") = "Basket.Infra", "Basket\Basket.Infra\Basket.Infra.csproj", "{1593E50D-899F-42A9-A878-D6BB0F9C1CAC}"
EndProject
Project("{2150E333-8FDC-42A3-9474-1A3956D46DE8}") = "Discount", "Discount", "{EF86E391-86AF-47F3-A29D-D969ED59AE38}"
EndProject
Project("{9A19103F-16F7-4668-BE54-9A1E7A4F7556}") = "Discount.API", "Discount\Discount.API\Discount.API.csproj", "{DF5081A7-E90F-4D07-B6F6-676B9A8A8761}"
EndProject
Project("{9A19103F-16F7-4668-BE54-9A1E7A4F7556}") = "Discount.Domain", "Discount\Discount.Domain\Discount.Domain.csproj", "{CAE908EB-E72A-4FB7-BB5D-E27A38C336B8}"
EndProject
Project("{9A19103F-16F7-4668-BE54-9A1E7A4F7556}") = "Discount.Application", "Discount\Discount.Application\Discount.Application.csproj", "{75CB3369-02FE-4E4E-A087-3A6249C6D842}"
EndProject
Project("{9A19103F-16F7-4668-BE54-9A1E7A4F7556}") = "Discount.Infra", "Discount\Discount.Infra\Discount.Infra.csproj", "{0333F0A7-62B7-4CAA-9107-DFB224631C27}"
EndProject
Project("{FAE04EC0-301F-11D3-BF4B-00C04F79EFBC}") = "Discount.Grpc", "Discount\Discount.Grpc\Discount.Grpc.csproj", "{0A9CAF21-5B79-4928-9E41-8ED1986FE9DC}"
EndProject
Global
	GlobalSection(SolutionConfigurationPlatforms) = preSolution
		Debug|Any CPU = Debug|Any CPU
		Release|Any CPU = Release|Any CPU
	EndGlobalSection
	GlobalSection(ProjectConfigurationPlatforms) = postSolution
		{68B4BF51-7A70-406F-A6F5-E9545FEAE2F1}.Debug|Any CPU.ActiveCfg = Debug|Any CPU
		{68B4BF51-7A70-406F-A6F5-E9545FEAE2F1}.Debug|Any CPU.Build.0 = Debug|Any CPU
		{68B4BF51-7A70-406F-A6F5-E9545FEAE2F1}.Release|Any CPU.ActiveCfg = Release|Any CPU
		{68B4BF51-7A70-406F-A6F5-E9545FEAE2F1}.Release|Any CPU.Build.0 = Release|Any CPU
		{A8D4D8D4-D3DD-4381-9EAF-B14170DE70C6}.Debug|Any CPU.ActiveCfg = Debug|Any CPU
		{A8D4D8D4-D3DD-4381-9EAF-B14170DE70C6}.Debug|Any CPU.Build.0 = Debug|Any CPU
		{A8D4D8D4-D3DD-4381-9EAF-B14170DE70C6}.Release|Any CPU.ActiveCfg = Release|Any CPU
		{A8D4D8D4-D3DD-4381-9EAF-B14170DE70C6}.Release|Any CPU.Build.0 = Release|Any CPU
		{FBD5EDBE-D514-402A-9791-0D2FB502D661}.Debug|Any CPU.ActiveCfg = Debug|Any CPU
		{FBD5EDBE-D514-402A-9791-0D2FB502D661}.Debug|Any CPU.Build.0 = Debug|Any CPU
		{FBD5EDBE-D514-402A-9791-0D2FB502D661}.Release|Any CPU.ActiveCfg = Release|Any CPU
		{FBD5EDBE-D514-402A-9791-0D2FB502D661}.Release|Any CPU.Build.0 = Release|Any CPU
		{A77CD175-F800-4C39-A9E5-BBB1135090AA}.Debug|Any CPU.ActiveCfg = Debug|Any CPU
		{A77CD175-F800-4C39-A9E5-BBB1135090AA}.Debug|Any CPU.Build.0 = Debug|Any CPU
		{A77CD175-F800-4C39-A9E5-BBB1135090AA}.Release|Any CPU.ActiveCfg = Release|Any CPU
		{A77CD175-F800-4C39-A9E5-BBB1135090AA}.Release|Any CPU.Build.0 = Release|Any CPU
		{7DF15A6F-831E-4E99-A8A2-0A0F4C60410F}.Debug|Any CPU.ActiveCfg = Debug|Any CPU
		{7DF15A6F-831E-4E99-A8A2-0A0F4C60410F}.Debug|Any CPU.Build.0 = Debug|Any CPU
		{7DF15A6F-831E-4E99-A8A2-0A0F4C60410F}.Release|Any CPU.ActiveCfg = Release|Any CPU
		{7DF15A6F-831E-4E99-A8A2-0A0F4C60410F}.Release|Any CPU.Build.0 = Release|Any CPU
		{6E179649-EAE6-493D-A11E-7DCC9B41AD72}.Debug|Any CPU.ActiveCfg = Debug|Any CPU
		{6E179649-EAE6-493D-A11E-7DCC9B41AD72}.Debug|Any CPU.Build.0 = Debug|Any CPU
		{6E179649-EAE6-493D-A11E-7DCC9B41AD72}.Release|Any CPU.ActiveCfg = Release|Any CPU
		{6E179649-EAE6-493D-A11E-7DCC9B41AD72}.Release|Any CPU.Build.0 = Release|Any CPU
		{3D17BC9C-7A4C-4B84-B4D6-DC7A7E90A06A}.Debug|Any CPU.ActiveCfg = Debug|Any CPU
		{3D17BC9C-7A4C-4B84-B4D6-DC7A7E90A06A}.Debug|Any CPU.Build.0 = Debug|Any CPU
		{3D17BC9C-7A4C-4B84-B4D6-DC7A7E90A06A}.Release|Any CPU.ActiveCfg = Release|Any CPU
		{3D17BC9C-7A4C-4B84-B4D6-DC7A7E90A06A}.Release|Any CPU.Build.0 = Release|Any CPU
		{AE967D47-9ED2-4BDF-AC7B-404AB8B54F6A}.Debug|Any CPU.ActiveCfg = Debug|Any CPU
		{AE967D47-9ED2-4BDF-AC7B-404AB8B54F6A}.Debug|Any CPU.Build.0 = Debug|Any CPU
		{AE967D47-9ED2-4BDF-AC7B-404AB8B54F6A}.Release|Any CPU.ActiveCfg = Release|Any CPU
		{AE967D47-9ED2-4BDF-AC7B-404AB8B54F6A}.Release|Any CPU.Build.0 = Release|Any CPU
		{549D6B67-5B56-4D51-84DF-16C017982217}.Debug|Any CPU.ActiveCfg = Debug|Any CPU
		{549D6B67-5B56-4D51-84DF-16C017982217}.Debug|Any CPU.Build.0 = Debug|Any CPU
		{549D6B67-5B56-4D51-84DF-16C017982217}.Release|Any CPU.ActiveCfg = Release|Any CPU
		{549D6B67-5B56-4D51-84DF-16C017982217}.Release|Any CPU.Build.0 = Release|Any CPU
		{1593E50D-899F-42A9-A878-D6BB0F9C1CAC}.Debug|Any CPU.ActiveCfg = Debug|Any CPU
		{1593E50D-899F-42A9-A878-D6BB0F9C1CAC}.Debug|Any CPU.Build.0 = Debug|Any CPU
		{1593E50D-899F-42A9-A878-D6BB0F9C1CAC}.Release|Any CPU.ActiveCfg = Release|Any CPU
		{1593E50D-899F-42A9-A878-D6BB0F9C1CAC}.Release|Any CPU.Build.0 = Release|Any CPU
		{DF5081A7-E90F-4D07-B6F6-676B9A8A8761}.Debug|Any CPU.ActiveCfg = Debug|Any CPU
		{DF5081A7-E90F-4D07-B6F6-676B9A8A8761}.Debug|Any CPU.Build.0 = Debug|Any CPU
		{DF5081A7-E90F-4D07-B6F6-676B9A8A8761}.Release|Any CPU.ActiveCfg = Release|Any CPU
		{DF5081A7-E90F-4D07-B6F6-676B9A8A8761}.Release|Any CPU.Build.0 = Release|Any CPU
		{CAE908EB-E72A-4FB7-BB5D-E27A38C336B8}.Debug|Any CPU.ActiveCfg = Debug|Any CPU
		{CAE908EB-E72A-4FB7-BB5D-E27A38C336B8}.Debug|Any CPU.Build.0 = Debug|Any CPU
		{CAE908EB-E72A-4FB7-BB5D-E27A38C336B8}.Release|Any CPU.ActiveCfg = Release|Any CPU
		{CAE908EB-E72A-4FB7-BB5D-E27A38C336B8}.Release|Any CPU.Build.0 = Release|Any CPU
		{75CB3369-02FE-4E4E-A087-3A6249C6D842}.Debug|Any CPU.ActiveCfg = Debug|Any CPU
		{75CB3369-02FE-4E4E-A087-3A6249C6D842}.Debug|Any CPU.Build.0 = Debug|Any CPU
		{75CB3369-02FE-4E4E-A087-3A6249C6D842}.Release|Any CPU.ActiveCfg = Release|Any CPU
		{75CB3369-02FE-4E4E-A087-3A6249C6D842}.Release|Any CPU.Build.0 = Release|Any CPU
		{0333F0A7-62B7-4CAA-9107-DFB224631C27}.Debug|Any CPU.ActiveCfg = Debug|Any CPU
		{0333F0A7-62B7-4CAA-9107-DFB224631C27}.Debug|Any CPU.Build.0 = Debug|Any CPU
		{0333F0A7-62B7-4CAA-9107-DFB224631C27}.Release|Any CPU.ActiveCfg = Release|Any CPU
		{0333F0A7-62B7-4CAA-9107-DFB224631C27}.Release|Any CPU.Build.0 = Release|Any CPU
		{0A9CAF21-5B79-4928-9E41-8ED1986FE9DC}.Debug|Any CPU.ActiveCfg = Debug|Any CPU
		{0A9CAF21-5B79-4928-9E41-8ED1986FE9DC}.Debug|Any CPU.Build.0 = Debug|Any CPU
		{0A9CAF21-5B79-4928-9E41-8ED1986FE9DC}.Release|Any CPU.ActiveCfg = Release|Any CPU
		{0A9CAF21-5B79-4928-9E41-8ED1986FE9DC}.Release|Any CPU.Build.0 = Release|Any CPU
	EndGlobalSection
	GlobalSection(SolutionProperties) = preSolution
		HideSolutionNode = FALSE
	EndGlobalSection
	GlobalSection(NestedProjects) = preSolution
		{68B4BF51-7A70-406F-A6F5-E9545FEAE2F1} = {075055E6-CD82-4D62-B655-9A4C5D20F7EB}
		{A8D4D8D4-D3DD-4381-9EAF-B14170DE70C6} = {075055E6-CD82-4D62-B655-9A4C5D20F7EB}
		{FBD5EDBE-D514-402A-9791-0D2FB502D661} = {E3DE3BA3-9F76-463D-81AC-406B829D96CA}
		{A77CD175-F800-4C39-A9E5-BBB1135090AA} = {075055E6-CD82-4D62-B655-9A4C5D20F7EB}
		{7DF15A6F-831E-4E99-A8A2-0A0F4C60410F} = {075055E6-CD82-4D62-B655-9A4C5D20F7EB}
		{3D17BC9C-7A4C-4B84-B4D6-DC7A7E90A06A} = {9315B83A-6E1A-4194-8392-60E68DC0D4FA}
		{AE967D47-9ED2-4BDF-AC7B-404AB8B54F6A} = {9315B83A-6E1A-4194-8392-60E68DC0D4FA}
		{549D6B67-5B56-4D51-84DF-16C017982217} = {9315B83A-6E1A-4194-8392-60E68DC0D4FA}
		{1593E50D-899F-42A9-A878-D6BB0F9C1CAC} = {9315B83A-6E1A-4194-8392-60E68DC0D4FA}
		{DF5081A7-E90F-4D07-B6F6-676B9A8A8761} = {EF86E391-86AF-47F3-A29D-D969ED59AE38}
		{CAE908EB-E72A-4FB7-BB5D-E27A38C336B8} = {EF86E391-86AF-47F3-A29D-D969ED59AE38}
		{75CB3369-02FE-4E4E-A087-3A6249C6D842} = {EF86E391-86AF-47F3-A29D-D969ED59AE38}
		{0333F0A7-62B7-4CAA-9107-DFB224631C27} = {EF86E391-86AF-47F3-A29D-D969ED59AE38}
		{0A9CAF21-5B79-4928-9E41-8ED1986FE9DC} = {EF86E391-86AF-47F3-A29D-D969ED59AE38}
	EndGlobalSection
	GlobalSection(ExtensibilityGlobals) = postSolution
		SolutionGuid = {BB742106-0C54-49B1-8157-D7C2472906A8}
	EndGlobalSection
EndGlobal
